{
  "version": 4,
  "terraform_version": "1.12.2",
  "serial": 1,
  "lineage": "eaf4cd06-e0e8-2f7a-3fdf-58098f4eb542",
  "outputs": {
    "dev_iam_user_name": {
      "value": null,
      "type": "string"
    },
    "dev_s3_bucket_name": {
      "value": null,
      "type": "string"
    },
    "dev_vpc": {
      "value": "vpc-011d12792b5874830",
      "type": "string"
    }
  },
  "resources": [
    {
      "module": "module.vpc_project",
      "mode": "managed",
      "type": "aws_vpc",
      "name": "dev_vpc",
      "provider": "provider[\"registry.terraform.io/hashicorp/aws\"]",
      "instances": [
        {
          "schema_version": 1,
          "attributes": {
            "arn": "arn:aws:ec2:ap-south-1:975050144965:vpc/vpc-011d12792b5874830",
            "assign_generated_ipv6_cidr_block": false,
            "cidr_block": "192.168.0.0/16",
            "default_network_acl_id": "acl-067afdcefeac56650",
            "default_route_table_id": "rtb-00f26309e9f5929f5",
            "default_security_group_id": "sg-064bfa93e754d8c45",
            "dhcp_options_id": "dopt-0eaf68d41560132ea",
            "enable_dns_hostnames": false,
            "enable_dns_support": true,
            "enable_network_address_usage_metrics": false,
            "id": "vpc-011d12792b5874830",
            "instance_tenancy": "default",
            "ipv4_ipam_pool_id": null,
            "ipv4_netmask_length": null,
            "ipv6_association_id": "",
            "ipv6_cidr_block": "",
            "ipv6_cidr_block_network_border_group": "",
            "ipv6_ipam_pool_id": "",
            "ipv6_netmask_length": 0,
            "main_route_table_id": "rtb-00f26309e9f5929f5",
            "owner_id": "975050144965",
            "tags": {
              "Name": "dev_vpc"
            },
            "tags_all": {
              "Name": "dev_vpc"
            }
          },
          "sensitive_attributes": [],
          "identity_schema_version": 0,
          "private": "eyJzY2hlbWFfdmVyc2lvbiI6IjEifQ=="
        }
      ]
    }
  ],
  "check_results": null
}
